
Microsoft Visual Studio Solution File, Format Version 12.00
# Visual Studio Version 17
VisualStudioVersion = 17.5.33530.505
MinimumVisualStudioVersion = 10.0.40219.1
Project("{FAE04EC0-301F-11D3-BF4B-00C04F79EFBC}") = "APIListaDeTarefas", "APIListaDeTarefas.csproj", "{E73BFF85-70BB-4819-AA23-59E5BDBBE932}"
EndProject
Global
	GlobalSection(SolutionConfigurationPlatforms) = preSolution
		Debug|Any CPU = Debug|Any CPU
		Release|Any CPU = Release|Any CPU
	EndGlobalSection
	GlobalSection(ProjectConfigurationPlatforms) = postSolution
		{E73BFF85-70BB-4819-AA23-59E5BDBBE932}.Debug|Any CPU.ActiveCfg = Debug|Any CPU
		{E73BFF85-70BB-4819-AA23-59E5BDBBE932}.Debug|Any CPU.Build.0 = Debug|Any CPU
		{E73BFF85-70BB-4819-AA23-59E5BDBBE932}.Release|Any CPU.ActiveCfg = Release|Any CPU
		{E73BFF85-70BB-4819-AA23-59E5BDBBE932}.Release|Any CPU.Build.0 = Release|Any CPU
	EndGlobalSection
	GlobalSection(SolutionProperties) = preSolution
		HideSolutionNode = FALSE
	EndGlobalSection
	GlobalSection(ExtensibilityGlobals) = postSolution
		SolutionGuid = {C705684C-99EC-4741-9BC2-6A7B6984B495}
	EndGlobalSection
EndGlobal
